
Microsoft Visual Studio Solution File, Format Version 12.00
# Visual Studio Version 17
VisualStudioVersion = 17.0.31903.59
MinimumVisualStudioVersion = 10.0.40219.1
Project("{FAE04EC0-301F-11D3-BF4B-00C04F79EFBC}") = "PluginInterface", "PluginInterface\PluginInterface.csproj", "{767F743E-CEC3-4CEA-B6A7-506CA27A2407}"
EndProject
Project("{FAE04EC0-301F-11D3-BF4B-00C04F79EFBC}") = "PluginA", "PluginA\PluginA.csproj", "{D4D327C2-6840-486C-BEF8-A95892E8FA18}"
EndProject
Project("{FAE04EC0-301F-11D3-BF4B-00C04F79EFBC}") = "PluginB", "PluginB\PluginB.csproj", "{E40AF6E6-740C-4A29-A702-D2EDAA1CBCF2}"
EndProject
Project("{FAE04EC0-301F-11D3-BF4B-00C04F79EFBC}") = "PluginC", "PluginC\PluginC.csproj", "{6417979A-139E-4031-B8C4-FA26C3521091}"
EndProject
Project("{FAE04EC0-301F-11D3-BF4B-00C04F79EFBC}") = "PluginLoader", "PluginLoader\PluginLoader.csproj", "{13972950-7B93-41D8-8EDE-301533A8CBD0}"
EndProject
Global
	GlobalSection(SolutionConfigurationPlatforms) = preSolution
		Debug|Any CPU = Debug|Any CPU
		Debug|x64 = Debug|x64
		Debug|x86 = Debug|x86
		Release|Any CPU = Release|Any CPU
		Release|x64 = Release|x64
		Release|x86 = Release|x86
	EndGlobalSection
	GlobalSection(ProjectConfigurationPlatforms) = postSolution
		{767F743E-CEC3-4CEA-B6A7-506CA27A2407}.Debug|Any CPU.ActiveCfg = Debug|Any CPU
		{767F743E-CEC3-4CEA-B6A7-506CA27A2407}.Debug|Any CPU.Build.0 = Debug|Any CPU
		{767F743E-CEC3-4CEA-B6A7-506CA27A2407}.Debug|x64.ActiveCfg = Debug|Any CPU
		{767F743E-CEC3-4CEA-B6A7-506CA27A2407}.Debug|x64.Build.0 = Debug|Any CPU
		{767F743E-CEC3-4CEA-B6A7-506CA27A2407}.Debug|x86.ActiveCfg = Debug|Any CPU
		{767F743E-CEC3-4CEA-B6A7-506CA27A2407}.Debug|x86.Build.0 = Debug|Any CPU
		{767F743E-CEC3-4CEA-B6A7-506CA27A2407}.Release|Any CPU.ActiveCfg = Release|Any CPU
		{767F743E-CEC3-4CEA-B6A7-506CA27A2407}.Release|Any CPU.Build.0 = Release|Any CPU
		{767F743E-CEC3-4CEA-B6A7-506CA27A2407}.Release|x64.ActiveCfg = Release|Any CPU
		{767F743E-CEC3-4CEA-B6A7-506CA27A2407}.Release|x64.Build.0 = Release|Any CPU
		{767F743E-CEC3-4CEA-B6A7-506CA27A2407}.Release|x86.ActiveCfg = Release|Any CPU
		{767F743E-CEC3-4CEA-B6A7-506CA27A2407}.Release|x86.Build.0 = Release|Any CPU
		{D4D327C2-6840-486C-BEF8-A95892E8FA18}.Debug|Any CPU.ActiveCfg = Debug|Any CPU
		{D4D327C2-6840-486C-BEF8-A95892E8FA18}.Debug|Any CPU.Build.0 = Debug|Any CPU
		{D4D327C2-6840-486C-BEF8-A95892E8FA18}.Debug|x64.ActiveCfg = Debug|Any CPU
		{D4D327C2-6840-486C-BEF8-A95892E8FA18}.Debug|x64.Build.0 = Debug|Any CPU
		{D4D327C2-6840-486C-BEF8-A95892E8FA18}.Debug|x86.ActiveCfg = Debug|Any CPU
		{D4D327C2-6840-486C-BEF8-A95892E8FA18}.Debug|x86.Build.0 = Debug|Any CPU
		{D4D327C2-6840-486C-BEF8-A95892E8FA18}.Release|Any CPU.ActiveCfg = Release|Any CPU
		{D4D327C2-6840-486C-BEF8-A95892E8FA18}.Release|Any CPU.Build.0 = Release|Any CPU
		{D4D327C2-6840-486C-BEF8-A95892E8FA18}.Release|x64.ActiveCfg = Release|Any CPU
		{D4D327C2-6840-486C-BEF8-A95892E8FA18}.Release|x64.Build.0 = Release|Any CPU
		{D4D327C2-6840-486C-BEF8-A95892E8FA18}.Release|x86.ActiveCfg = Release|Any CPU
		{D4D327C2-6840-486C-BEF8-A95892E8FA18}.Release|x86.Build.0 = Release|Any CPU
		{E40AF6E6-740C-4A29-A702-D2EDAA1CBCF2}.Debug|Any CPU.ActiveCfg = Debug|Any CPU
		{E40AF6E6-740C-4A29-A702-D2EDAA1CBCF2}.Debug|Any CPU.Build.0 = Debug|Any CPU
		{E40AF6E6-740C-4A29-A702-D2EDAA1CBCF2}.Debug|x64.ActiveCfg = Debug|Any CPU
		{E40AF6E6-740C-4A29-A702-D2EDAA1CBCF2}.Debug|x64.Build.0 = Debug|Any CPU
		{E40AF6E6-740C-4A29-A702-D2EDAA1CBCF2}.Debug|x86.ActiveCfg = Debug|Any CPU
		{E40AF6E6-740C-4A29-A702-D2EDAA1CBCF2}.Debug|x86.Build.0 = Debug|Any CPU
		{E40AF6E6-740C-4A29-A702-D2EDAA1CBCF2}.Release|Any CPU.ActiveCfg = Release|Any CPU
		{E40AF6E6-740C-4A29-A702-D2EDAA1CBCF2}.Release|Any CPU.Build.0 = Release|Any CPU
		{E40AF6E6-740C-4A29-A702-D2EDAA1CBCF2}.Release|x64.ActiveCfg = Release|Any CPU
		{E40AF6E6-740C-4A29-A702-D2EDAA1CBCF2}.Release|x64.Build.0 = Release|Any CPU
		{E40AF6E6-740C-4A29-A702-D2EDAA1CBCF2}.Release|x86.ActiveCfg = Release|Any CPU
		{E40AF6E6-740C-4A29-A702-D2EDAA1CBCF2}.Release|x86.Build.0 = Release|Any CPU
		{6417979A-139E-4031-B8C4-FA26C3521091}.Debug|Any CPU.ActiveCfg = Debug|Any CPU
		{6417979A-139E-4031-B8C4-FA26C3521091}.Debug|Any CPU.Build.0 = Debug|Any CPU
		{6417979A-139E-4031-B8C4-FA26C3521091}.Debug|x64.ActiveCfg = Debug|Any CPU
		{6417979A-139E-4031-B8C4-FA26C3521091}.Debug|x64.Build.0 = Debug|Any CPU
		{6417979A-139E-4031-B8C4-FA26C3521091}.Debug|x86.ActiveCfg = Debug|Any CPU
		{6417979A-139E-4031-B8C4-FA26C3521091}.Debug|x86.Build.0 = Debug|Any CPU
		{6417979A-139E-4031-B8C4-FA26C3521091}.Release|Any CPU.ActiveCfg = Release|Any CPU
		{6417979A-139E-4031-B8C4-FA26C3521091}.Release|Any CPU.Build.0 = Release|Any CPU
		{6417979A-139E-4031-B8C4-FA26C3521091}.Release|x64.ActiveCfg = Release|Any CPU
		{6417979A-139E-4031-B8C4-FA26C3521091}.Release|x64.Build.0 = Release|Any CPU
		{6417979A-139E-4031-B8C4-FA26C3521091}.Release|x86.ActiveCfg = Release|Any CPU
		{6417979A-139E-4031-B8C4-FA26C3521091}.Release|x86.Build.0 = Release|Any CPU
		{13972950-7B93-41D8-8EDE-301533A8CBD0}.Debug|Any CPU.ActiveCfg = Debug|Any CPU
		{13972950-7B93-41D8-8EDE-301533A8CBD0}.Debug|Any CPU.Build.0 = Debug|Any CPU
		{13972950-7B93-41D8-8EDE-301533A8CBD0}.Debug|x64.ActiveCfg = Debug|Any CPU
		{13972950-7B93-41D8-8EDE-301533A8CBD0}.Debug|x64.Build.0 = Debug|Any CPU
		{13972950-7B93-41D8-8EDE-301533A8CBD0}.Debug|x86.ActiveCfg = Debug|Any CPU
		{13972950-7B93-41D8-8EDE-301533A8CBD0}.Debug|x86.Build.0 = Debug|Any CPU
		{13972950-7B93-41D8-8EDE-301533A8CBD0}.Release|Any CPU.ActiveCfg = Release|Any CPU
		{13972950-7B93-41D8-8EDE-301533A8CBD0}.Release|Any CPU.Build.0 = Release|Any CPU
		{13972950-7B93-41D8-8EDE-301533A8CBD0}.Release|x64.ActiveCfg = Release|Any CPU
		{13972950-7B93-41D8-8EDE-301533A8CBD0}.Release|x64.Build.0 = Release|Any CPU
		{13972950-7B93-41D8-8EDE-301533A8CBD0}.Release|x86.ActiveCfg = Release|Any CPU
		{13972950-7B93-41D8-8EDE-301533A8CBD0}.Release|x86.Build.0 = Release|Any CPU
	EndGlobalSection
	GlobalSection(SolutionProperties) = preSolution
		HideSolutionNode = FALSE
	EndGlobalSection
EndGlobal
