
Microsoft Visual Studio Solution File, Format Version 12.00
# Visual Studio Version 17
VisualStudioVersion = 17.0.31903.59
MinimumVisualStudioVersion = 10.0.40219.1
Project("{FAE04EC0-301F-11D3-BF4B-00C04F79EFBC}") = "task11", "task11\task11.csproj", "{0A4925BA-4523-4C9D-9982-D3E1D7EC17EC}"
EndProject
Project("{FAE04EC0-301F-11D3-BF4B-00C04F79EFBC}") = "task11tests", "task11tests\task11tests.csproj", "{00A759B3-4A57-40F1-9103-50A6AA72B2EF}"
EndProject
Global
	GlobalSection(SolutionConfigurationPlatforms) = preSolution
		Debug|Any CPU = Debug|Any CPU
		Debug|x64 = Debug|x64
		Debug|x86 = Debug|x86
		Release|Any CPU = Release|Any CPU
		Release|x64 = Release|x64
		Release|x86 = Release|x86
	EndGlobalSection
	GlobalSection(ProjectConfigurationPlatforms) = postSolution
		{0A4925BA-4523-4C9D-9982-D3E1D7EC17EC}.Debug|Any CPU.ActiveCfg = Debug|Any CPU
		{0A4925BA-4523-4C9D-9982-D3E1D7EC17EC}.Debug|Any CPU.Build.0 = Debug|Any CPU
		{0A4925BA-4523-4C9D-9982-D3E1D7EC17EC}.Debug|x64.ActiveCfg = Debug|Any CPU
		{0A4925BA-4523-4C9D-9982-D3E1D7EC17EC}.Debug|x64.Build.0 = Debug|Any CPU
		{0A4925BA-4523-4C9D-9982-D3E1D7EC17EC}.Debug|x86.ActiveCfg = Debug|Any CPU
		{0A4925BA-4523-4C9D-9982-D3E1D7EC17EC}.Debug|x86.Build.0 = Debug|Any CPU
		{0A4925BA-4523-4C9D-9982-D3E1D7EC17EC}.Release|Any CPU.ActiveCfg = Release|Any CPU
		{0A4925BA-4523-4C9D-9982-D3E1D7EC17EC}.Release|Any CPU.Build.0 = Release|Any CPU
		{0A4925BA-4523-4C9D-9982-D3E1D7EC17EC}.Release|x64.ActiveCfg = Release|Any CPU
		{0A4925BA-4523-4C9D-9982-D3E1D7EC17EC}.Release|x64.Build.0 = Release|Any CPU
		{0A4925BA-4523-4C9D-9982-D3E1D7EC17EC}.Release|x86.ActiveCfg = Release|Any CPU
		{0A4925BA-4523-4C9D-9982-D3E1D7EC17EC}.Release|x86.Build.0 = Release|Any CPU
		{00A759B3-4A57-40F1-9103-50A6AA72B2EF}.Debug|Any CPU.ActiveCfg = Debug|Any CPU
		{00A759B3-4A57-40F1-9103-50A6AA72B2EF}.Debug|Any CPU.Build.0 = Debug|Any CPU
		{00A759B3-4A57-40F1-9103-50A6AA72B2EF}.Debug|x64.ActiveCfg = Debug|Any CPU
		{00A759B3-4A57-40F1-9103-50A6AA72B2EF}.Debug|x64.Build.0 = Debug|Any CPU
		{00A759B3-4A57-40F1-9103-50A6AA72B2EF}.Debug|x86.ActiveCfg = Debug|Any CPU
		{00A759B3-4A57-40F1-9103-50A6AA72B2EF}.Debug|x86.Build.0 = Debug|Any CPU
		{00A759B3-4A57-40F1-9103-50A6AA72B2EF}.Release|Any CPU.ActiveCfg = Release|Any CPU
		{00A759B3-4A57-40F1-9103-50A6AA72B2EF}.Release|Any CPU.Build.0 = Release|Any CPU
		{00A759B3-4A57-40F1-9103-50A6AA72B2EF}.Release|x64.ActiveCfg = Release|Any CPU
		{00A759B3-4A57-40F1-9103-50A6AA72B2EF}.Release|x64.Build.0 = Release|Any CPU
		{00A759B3-4A57-40F1-9103-50A6AA72B2EF}.Release|x86.ActiveCfg = Release|Any CPU
		{00A759B3-4A57-40F1-9103-50A6AA72B2EF}.Release|x86.Build.0 = Release|Any CPU
	EndGlobalSection
	GlobalSection(SolutionProperties) = preSolution
		HideSolutionNode = FALSE
	EndGlobalSection
EndGlobal
